
Microsoft Visual Studio Solution File, Format Version 12.00
# Visual Studio Version 16
VisualStudioVersion = 16.0.30406.217
MinimumVisualStudioVersion = 10.0.40219.1
Project("{FAE04EC0-301F-11D3-BF4B-00C04F79EFBC}") = "BlazingPizza.Server", "BlazingPizza\Server\BlazingPizza.Server.csproj", "{7446A81E-7049-40A9-8893-2F01C6F8E7B7}"
EndProject
Project("{FAE04EC0-301F-11D3-BF4B-00C04F79EFBC}") = "BlazingPizza.Client", "BlazingPizza\Client\BlazingPizza.Client.csproj", "{A4B5AF78-D127-4A44-B2D2-1F0798CE5009}"
EndProject
Project("{FAE04EC0-301F-11D3-BF4B-00C04F79EFBC}") = "BlazingPizza.Shared", "BlazingPizza\Shared\BlazingPizza.Shared.csproj", "{CB421586-5ECB-497B-B3D9-FF36D4E1E604}"
EndProject
Global
	GlobalSection(SolutionConfigurationPlatforms) = preSolution
		Debug|Any CPU = Debug|Any CPU
		Release|Any CPU = Release|Any CPU
	EndGlobalSection
	GlobalSection(ProjectConfigurationPlatforms) = postSolution
		{7446A81E-7049-40A9-8893-2F01C6F8E7B7}.Debug|Any CPU.ActiveCfg = Debug|Any CPU
		{7446A81E-7049-40A9-8893-2F01C6F8E7B7}.Debug|Any CPU.Build.0 = Debug|Any CPU
		{7446A81E-7049-40A9-8893-2F01C6F8E7B7}.Release|Any CPU.ActiveCfg = Release|Any CPU
		{7446A81E-7049-40A9-8893-2F01C6F8E7B7}.Release|Any CPU.Build.0 = Release|Any CPU
		{A4B5AF78-D127-4A44-B2D2-1F0798CE5009}.Debug|Any CPU.ActiveCfg = Debug|Any CPU
		{A4B5AF78-D127-4A44-B2D2-1F0798CE5009}.Debug|Any CPU.Build.0 = Debug|Any CPU
		{A4B5AF78-D127-4A44-B2D2-1F0798CE5009}.Release|Any CPU.ActiveCfg = Release|Any CPU
		{A4B5AF78-D127-4A44-B2D2-1F0798CE5009}.Release|Any CPU.Build.0 = Release|Any CPU
		{CB421586-5ECB-497B-B3D9-FF36D4E1E604}.Debug|Any CPU.ActiveCfg = Debug|Any CPU
		{CB421586-5ECB-497B-B3D9-FF36D4E1E604}.Debug|Any CPU.Build.0 = Debug|Any CPU
		{CB421586-5ECB-497B-B3D9-FF36D4E1E604}.Release|Any CPU.ActiveCfg = Release|Any CPU
		{CB421586-5ECB-497B-B3D9-FF36D4E1E604}.Release|Any CPU.Build.0 = Release|Any CPU
	EndGlobalSection
	GlobalSection(SolutionProperties) = preSolution
		HideSolutionNode = FALSE
	EndGlobalSection
	GlobalSection(ExtensibilityGlobals) = postSolution
		SolutionGuid = {24453E42-5040-4E53-8298-D0F7941D395E}
	EndGlobalSection
EndGlobal
